// !$*UTF8*$!
{
	archiveVersion = 1;
	classes = {
	};
	objectVersion = 60;
	objects = {

/* Begin PBXBuildFile section */
		B0067AF62CA8B43E0043E2DD /* BaseAssistantViewModel.swift in Sources */ = {isa = PBXBuildFile; fileRef = B0067AF52CA8B43E0043E2DD /* BaseAssistantViewModel.swift */; };
		B0067AFB2CA8F4BE0043E2DD /* AssistantDetailSectionView.swift in Sources */ = {isa = PBXBuildFile; fileRef = B0067AFA2CA8F4BE0043E2DD /* AssistantDetailSectionView.swift */; };
		B0067AFD2CA8F95D0043E2DD /* ActionButtonsView.swift in Sources */ = {isa = PBXBuildFile; fileRef = B0067AFC2CA8F95D0043E2DD /* ActionButtonsView.swift */; };
		B051E5B12CA3304C00C6FF59 /* FeatureFlags.swift in Sources */ = {isa = PBXBuildFile; fileRef = B051E5B02CA3304C00C6FF59 /* FeatureFlags.swift */; };
		B059E6C72CAB8DDD00B1028E /* Extensions.swift in Sources */ = {isa = PBXBuildFile; fileRef = B059E6C62CAB8DDD00B1028E /* Extensions.swift */; };
		B0B14F702CB626EC00778895 /* ChatContentView.swift in Sources */ = {isa = PBXBuildFile; fileRef = B0B14F6F2CB626EC00778895 /* ChatContentView.swift */; };
		B0B14F722CB626FF00778895 /* MessageListView.swift in Sources */ = {isa = PBXBuildFile; fileRef = B0B14F712CB626FF00778895 /* MessageListView.swift */; };
		B0B14F742CB6271300778895 /* InputView.swift in Sources */ = {isa = PBXBuildFile; fileRef = B0B14F732CB6271300778895 /* InputView.swift */; };
		B0B14F762CB6273B00778895 /* SendButton.swift in Sources */ = {isa = PBXBuildFile; fileRef = B0B14F752CB6273B00778895 /* SendButton.swift */; };
		B0B14F782CB6275200778895 /* StepCounterView.swift in Sources */ = {isa = PBXBuildFile; fileRef = B0B14F772CB6275200778895 /* StepCounterView.swift */; };
		B0B14F7A2CB6276B00778895 /* MessageView.swift in Sources */ = {isa = PBXBuildFile; fileRef = B0B14F792CB6276B00778895 /* MessageView.swift */; };
		B0B14F7C2CB6279900778895 /* ChatHistoryView.swift in Sources */ = {isa = PBXBuildFile; fileRef = B0B14F7B2CB6279900778895 /* ChatHistoryView.swift */; };
		B0B14F7E2CB627D100778895 /* NewCustomLoadingIndicator.swift in Sources */ = {isa = PBXBuildFile; fileRef = B0B14F7D2CB627D100778895 /* NewCustomLoadingIndicator.swift */; };
		B0BFE4422C9BDC3E00EB6D81 /* AssistantDetailView.swift in Sources */ = {isa = PBXBuildFile; fileRef = B0BFE4412C9BDC3E00EB6D81 /* AssistantDetailView.swift */; };
		B0BFE4442C9BDC8800EB6D81 /* AssistantFormView.swift in Sources */ = {isa = PBXBuildFile; fileRef = B0BFE4432C9BDC8800EB6D81 /* AssistantFormView.swift */; };
		B0C2907D2CA7A65B00163FE5 /* BaseViewModel.swift in Sources */ = {isa = PBXBuildFile; fileRef = B0C2907C2CA7A65B00163FE5 /* BaseViewModel.swift */; };
		B0C93C012CB7810F0037C5E1 /* Tool.swift in Sources */ = {isa = PBXBuildFile; fileRef = B0C93C002CB7810F0037C5E1 /* Tool.swift */; };
		B0C93C032CB7812C0037C5E1 /* ExpiresAfter.swift in Sources */ = {isa = PBXBuildFile; fileRef = B0C93C022CB7812C0037C5E1 /* ExpiresAfter.swift */; };
		B0C93C052CB781400037C5E1 /* TruncationStrategy.swift in Sources */ = {isa = PBXBuildFile; fileRef = B0C93C042CB781400037C5E1 /* TruncationStrategy.swift */; };
		B0C93C072CB781550037C5E1 /* MessageContent.swift in Sources */ = {isa = PBXBuildFile; fileRef = B0C93C062CB781550037C5E1 /* MessageContent.swift */; };
		B0C93C092CB781740037C5E1 /* File.swift in Sources */ = {isa = PBXBuildFile; fileRef = B0C93C082CB781740037C5E1 /* File.swift */; };
		B0C93C0B2CB781870037C5E1 /* ToolResources.swift in Sources */ = {isa = PBXBuildFile; fileRef = B0C93C0A2CB781870037C5E1 /* ToolResources.swift */; };
		B0DD9C5C2C9DFA5300A0D623 /* ContentViewModel.swift in Sources */ = {isa = PBXBuildFile; fileRef = B0DD9C5B2C9DFA5300A0D623 /* ContentViewModel.swift */; };
		B0DD9C5E2C9DFA7000A0D623 /* MainTabView.swift in Sources */ = {isa = PBXBuildFile; fileRef = B0DD9C5D2C9DFA7000A0D623 /* MainTabView.swift */; };
		B0DD9C602C9DFAB100A0D623 /* LoadingView.swift in Sources */ = {isa = PBXBuildFile; fileRef = B0DD9C5F2C9DFAB100A0D623 /* LoadingView.swift */; };
		B0DD9C622C9DFC3A00A0D623 /* OpenAIInitializer.swift in Sources */ = {isa = PBXBuildFile; fileRef = B0DD9C612C9DFC3A00A0D623 /* OpenAIInitializer.swift */; };
		B0EEE73F2C99326A0012F2BA /* OpenAIService.swift in Sources */ = {isa = PBXBuildFile; fileRef = B0EEE73A2C99326A0012F2BA /* OpenAIService.swift */; };
		B0EEE7402C99326A0012F2BA /* VectorStoreManagerViewModel.swift in Sources */ = {isa = PBXBuildFile; fileRef = B0EEE7302C99326A0012F2BA /* VectorStoreManagerViewModel.swift */; };
		B0EEE7412C99326A0012F2BA /* ChatView.swift in Sources */ = {isa = PBXBuildFile; fileRef = B0EEE72A2C99326A0012F2BA /* ChatView.swift */; };
		B0EEE7432C99326A0012F2BA /* Usage.swift in Sources */ = {isa = PBXBuildFile; fileRef = B0EEE7392C99326A0012F2BA /* Usage.swift */; };
		B0EEE7442C99326A0012F2BA /* MessageStore.swift in Sources */ = {isa = PBXBuildFile; fileRef = B0EEE7282C99326A0012F2BA /* MessageStore.swift */; };
		B0EEE7452C99326A0012F2BA /* OpenAssistantApp.swift in Sources */ = {isa = PBXBuildFile; fileRef = B0EEE71B2C99326A0012F2BA /* OpenAssistantApp.swift */; };
		B0EEE7462C99326A0012F2BA /* CreateAssistantView.swift in Sources */ = {isa = PBXBuildFile; fileRef = B0EEE71D2C99326A0012F2BA /* CreateAssistantView.swift */; };
		B0EEE7472C99326A0012F2BA /* ChatViewModel.swift in Sources */ = {isa = PBXBuildFile; fileRef = B0EEE7292C99326A0012F2BA /* ChatViewModel.swift */; };
		B0EEE7482C99326A0012F2BA /* AssistantPickerView.swift in Sources */ = {isa = PBXBuildFile; fileRef = B0EEE7242C99326A0012F2BA /* AssistantPickerView.swift */; };
		B0EEE7492C99326A0012F2BA /* ResponseFormat.swift in Sources */ = {isa = PBXBuildFile; fileRef = B0EEE7372C99326A0012F2BA /* ResponseFormat.swift */; };
		B0EEE74A2C99326A0012F2BA /* UpdateAssistantView.swift in Sources */ = {isa = PBXBuildFile; fileRef = B0EEE71E2C99326A0012F2BA /* UpdateAssistantView.swift */; };
		B0EEE74B2C99326A0012F2BA /* ContentView.swift in Sources */ = {isa = PBXBuildFile; fileRef = B0EEE71C2C99326A0012F2BA /* ContentView.swift */; };
		B0EEE74C2C99326A0012F2BA /* SettingsView.swift in Sources */ = {isa = PBXBuildFile; fileRef = B0EEE73C2C99326A0012F2BA /* SettingsView.swift */; };
		B0EEE74D2C99326A0012F2BA /* AssistantManagerView.swift in Sources */ = {isa = PBXBuildFile; fileRef = B0EEE7212C99326A0012F2BA /* AssistantManagerView.swift */; };
		B0EEE74E2C99326A0012F2BA /* VectorStoreListView.swift in Sources */ = {isa = PBXBuildFile; fileRef = B0EEE72E2C99326A0012F2BA /* VectorStoreListView.swift */; };
		B0EEE74F2C99326A0012F2BA /* Errors.swift in Sources */ = {isa = PBXBuildFile; fileRef = B0EEE7382C99326A0012F2BA /* Errors.swift */; };
		B0EEE7502C99326A0012F2BA /* AssistantDetailViewModel.swift in Sources */ = {isa = PBXBuildFile; fileRef = B0EEE71F2C99326A0012F2BA /* AssistantDetailViewModel.swift */; };
		B0EEE7512C99326A0012F2BA /* FileDetailView.swift in Sources */ = {isa = PBXBuildFile; fileRef = B0EEE72D2C99326A0012F2BA /* FileDetailView.swift */; };
		B0EEE7522C99326A0012F2BA /* AssistantManagerViewModel.swift in Sources */ = {isa = PBXBuildFile; fileRef = B0EEE7222C99326A0012F2BA /* AssistantManagerViewModel.swift */; };
		B0EEE7532C99326A0012F2BA /* AssistantPickerViewModel.swift in Sources */ = {isa = PBXBuildFile; fileRef = B0EEE7252C99326A0012F2BA /* AssistantPickerViewModel.swift */; };
		B0EEE7542C99326A0012F2BA /* AddFileView.swift in Sources */ = {isa = PBXBuildFile; fileRef = B0EEE72C2C99326A0012F2BA /* AddFileView.swift */; };
		B0EEE7552C99326A0012F2BA /* Assistant.swift in Sources */ = {isa = PBXBuildFile; fileRef = B0EEE7332C99326A0012F2BA /* Assistant.swift */; };
		B0EEE7562C99326A0012F2BA /* VectorStoreDetailView.swift in Sources */ = {isa = PBXBuildFile; fileRef = B0EEE72F2C99326A0012F2BA /* VectorStoreDetailView.swift */; };
		B0EEE7572C99326A0012F2BA /* Model.swift in Sources */ = {isa = PBXBuildFile; fileRef = B0EEE7362C99326A0012F2BA /* Model.swift */; };
		B0EEE7592C99326A0012F2BA /* VectorStore.swift in Sources */ = {isa = PBXBuildFile; fileRef = B0EEE7342C99326A0012F2BA /* VectorStore.swift */; };
		B0EEE75A2C99326A0012F2BA /* MessageRunThread.swift in Sources */ = {isa = PBXBuildFile; fileRef = B0EEE7352C99326A0012F2BA /* MessageRunThread.swift */; };
		B0EEE75B2C99326A0012F2BA /* PrivacyInfo.xcprivacy in Resources */ = {isa = PBXBuildFile; fileRef = B0EEE73E2C99326A0012F2BA /* PrivacyInfo.xcprivacy */; };
		B0EEE75C2C99326A0012F2BA /* Assets.xcassets in Resources */ = {isa = PBXBuildFile; fileRef = B0EEE73D2C99326A0012F2BA /* Assets.xcassets */; };
/* End PBXBuildFile section */

/* Begin PBXFileReference section */
		B0067AF52CA8B43E0043E2DD /* BaseAssistantViewModel.swift */ = {isa = PBXFileReference; lastKnownFileType = sourcecode.swift; path = BaseAssistantViewModel.swift; sourceTree = "<group>"; };
		B0067AFA2CA8F4BE0043E2DD /* AssistantDetailSectionView.swift */ = {isa = PBXFileReference; lastKnownFileType = sourcecode.swift; path = AssistantDetailSectionView.swift; sourceTree = "<group>"; };
		B0067AFC2CA8F95D0043E2DD /* ActionButtonsView.swift */ = {isa = PBXFileReference; lastKnownFileType = sourcecode.swift; path = ActionButtonsView.swift; sourceTree = "<group>"; };
		B051E5B02CA3304C00C6FF59 /* FeatureFlags.swift */ = {isa = PBXFileReference; lastKnownFileType = sourcecode.swift; path = FeatureFlags.swift; sourceTree = "<group>"; };
		B059E6C62CAB8DDD00B1028E /* Extensions.swift */ = {isa = PBXFileReference; lastKnownFileType = sourcecode.swift; path = Extensions.swift; sourceTree = "<group>"; };
		B0B14F6F2CB626EC00778895 /* ChatContentView.swift */ = {isa = PBXFileReference; lastKnownFileType = sourcecode.swift; path = ChatContentView.swift; sourceTree = "<group>"; };
		B0B14F712CB626FF00778895 /* MessageListView.swift */ = {isa = PBXFileReference; lastKnownFileType = sourcecode.swift; path = MessageListView.swift; sourceTree = "<group>"; };
		B0B14F732CB6271300778895 /* InputView.swift */ = {isa = PBXFileReference; lastKnownFileType = sourcecode.swift; path = InputView.swift; sourceTree = "<group>"; };
		B0B14F752CB6273B00778895 /* SendButton.swift */ = {isa = PBXFileReference; lastKnownFileType = sourcecode.swift; path = SendButton.swift; sourceTree = "<group>"; };
		B0B14F772CB6275200778895 /* StepCounterView.swift */ = {isa = PBXFileReference; lastKnownFileType = sourcecode.swift; path = StepCounterView.swift; sourceTree = "<group>"; };
		B0B14F792CB6276B00778895 /* MessageView.swift */ = {isa = PBXFileReference; lastKnownFileType = sourcecode.swift; path = MessageView.swift; sourceTree = "<group>"; };
		B0B14F7B2CB6279900778895 /* ChatHistoryView.swift */ = {isa = PBXFileReference; lastKnownFileType = sourcecode.swift; path = ChatHistoryView.swift; sourceTree = "<group>"; };
		B0B14F7D2CB627D100778895 /* NewCustomLoadingIndicator.swift */ = {isa = PBXFileReference; lastKnownFileType = sourcecode.swift; path = NewCustomLoadingIndicator.swift; sourceTree = "<group>"; };
		B0BFE4412C9BDC3E00EB6D81 /* AssistantDetailView.swift */ = {isa = PBXFileReference; lastKnownFileType = sourcecode.swift; path = AssistantDetailView.swift; sourceTree = "<group>"; };
		B0BFE4432C9BDC8800EB6D81 /* AssistantFormView.swift */ = {isa = PBXFileReference; lastKnownFileType = sourcecode.swift; path = AssistantFormView.swift; sourceTree = "<group>"; };
		B0C2907C2CA7A65B00163FE5 /* BaseViewModel.swift */ = {isa = PBXFileReference; lastKnownFileType = sourcecode.swift; path = BaseViewModel.swift; sourceTree = "<group>"; };
		B0C93C002CB7810F0037C5E1 /* Tool.swift */ = {isa = PBXFileReference; lastKnownFileType = sourcecode.swift; path = Tool.swift; sourceTree = "<group>"; };
		B0C93C022CB7812C0037C5E1 /* ExpiresAfter.swift */ = {isa = PBXFileReference; lastKnownFileType = sourcecode.swift; path = ExpiresAfter.swift; sourceTree = "<group>"; };
		B0C93C042CB781400037C5E1 /* TruncationStrategy.swift */ = {isa = PBXFileReference; lastKnownFileType = sourcecode.swift; path = TruncationStrategy.swift; sourceTree = "<group>"; };
		B0C93C062CB781550037C5E1 /* MessageContent.swift */ = {isa = PBXFileReference; lastKnownFileType = sourcecode.swift; path = MessageContent.swift; sourceTree = "<group>"; };
		B0C93C082CB781740037C5E1 /* File.swift */ = {isa = PBXFileReference; lastKnownFileType = sourcecode.swift; path = File.swift; sourceTree = "<group>"; };
		B0C93C0A2CB781870037C5E1 /* ToolResources.swift */ = {isa = PBXFileReference; lastKnownFileType = sourcecode.swift; path = ToolResources.swift; sourceTree = "<group>"; };
		B0DD9C572C9DE4B800A0D623 /* Info.plist */ = {isa = PBXFileReference; lastKnownFileType = text.plist.xml; path = Info.plist; sourceTree = "<group>"; };
		B0DD9C592C9DE90000A0D623 /* Debug.xcconfig */ = {isa = PBXFileReference; lastKnownFileType = text.xcconfig; path = Debug.xcconfig; sourceTree = "<group>"; };
		B0DD9C5A2C9DE91B00A0D623 /* Release.xcconfig */ = {isa = PBXFileReference; lastKnownFileType = text.xcconfig; path = Release.xcconfig; sourceTree = "<group>"; };
		B0DD9C5B2C9DFA5300A0D623 /* ContentViewModel.swift */ = {isa = PBXFileReference; lastKnownFileType = sourcecode.swift; path = ContentViewModel.swift; sourceTree = "<group>"; };
		B0DD9C5D2C9DFA7000A0D623 /* MainTabView.swift */ = {isa = PBXFileReference; lastKnownFileType = sourcecode.swift; path = MainTabView.swift; sourceTree = "<group>"; };
		B0DD9C5F2C9DFAB100A0D623 /* LoadingView.swift */ = {isa = PBXFileReference; lastKnownFileType = sourcecode.swift; path = LoadingView.swift; sourceTree = "<group>"; };
		B0DD9C612C9DFC3A00A0D623 /* OpenAIInitializer.swift */ = {isa = PBXFileReference; lastKnownFileType = sourcecode.swift; path = OpenAIInitializer.swift; sourceTree = "<group>"; };
		B0EEE70A2C9932580012F2BA /* OpenAssistant.app */ = {isa = PBXFileReference; explicitFileType = wrapper.application; includeInIndex = 0; path = OpenAssistant.app; sourceTree = BUILT_PRODUCTS_DIR; };
		B0EEE7142C9932590012F2BA /* Preview Assets.xcassets */ = {isa = PBXFileReference; lastKnownFileType = folder.assetcatalog; path = "Preview Assets.xcassets"; sourceTree = "<group>"; };
		B0EEE71B2C99326A0012F2BA /* OpenAssistantApp.swift */ = {isa = PBXFileReference; lastKnownFileType = sourcecode.swift; path = OpenAssistantApp.swift; sourceTree = "<group>"; };
		B0EEE71C2C99326A0012F2BA /* ContentView.swift */ = {isa = PBXFileReference; lastKnownFileType = sourcecode.swift; path = ContentView.swift; sourceTree = "<group>"; };
		B0EEE71D2C99326A0012F2BA /* CreateAssistantView.swift */ = {isa = PBXFileReference; lastKnownFileType = sourcecode.swift; path = CreateAssistantView.swift; sourceTree = "<group>"; };
		B0EEE71E2C99326A0012F2BA /* UpdateAssistantView.swift */ = {isa = PBXFileReference; lastKnownFileType = sourcecode.swift; path = UpdateAssistantView.swift; sourceTree = "<group>"; };
		B0EEE71F2C99326A0012F2BA /* AssistantDetailViewModel.swift */ = {isa = PBXFileReference; lastKnownFileType = sourcecode.swift; path = AssistantDetailViewModel.swift; sourceTree = "<group>"; };
		B0EEE7212C99326A0012F2BA /* AssistantManagerView.swift */ = {isa = PBXFileReference; lastKnownFileType = sourcecode.swift; path = AssistantManagerView.swift; sourceTree = "<group>"; };
		B0EEE7222C99326A0012F2BA /* AssistantManagerViewModel.swift */ = {isa = PBXFileReference; lastKnownFileType = sourcecode.swift; path = AssistantManagerViewModel.swift; sourceTree = "<group>"; };
		B0EEE7242C99326A0012F2BA /* AssistantPickerView.swift */ = {isa = PBXFileReference; lastKnownFileType = sourcecode.swift; path = AssistantPickerView.swift; sourceTree = "<group>"; };
		B0EEE7252C99326A0012F2BA /* AssistantPickerViewModel.swift */ = {isa = PBXFileReference; lastKnownFileType = sourcecode.swift; path = AssistantPickerViewModel.swift; sourceTree = "<group>"; };
		B0EEE7282C99326A0012F2BA /* MessageStore.swift */ = {isa = PBXFileReference; lastKnownFileType = sourcecode.swift; path = MessageStore.swift; sourceTree = "<group>"; };
		B0EEE7292C99326A0012F2BA /* ChatViewModel.swift */ = {isa = PBXFileReference; lastKnownFileType = sourcecode.swift; path = ChatViewModel.swift; sourceTree = "<group>"; };
		B0EEE72A2C99326A0012F2BA /* ChatView.swift */ = {isa = PBXFileReference; lastKnownFileType = sourcecode.swift; path = ChatView.swift; sourceTree = "<group>"; };
		B0EEE72C2C99326A0012F2BA /* AddFileView.swift */ = {isa = PBXFileReference; lastKnownFileType = sourcecode.swift; path = AddFileView.swift; sourceTree = "<group>"; };
		B0EEE72D2C99326A0012F2BA /* FileDetailView.swift */ = {isa = PBXFileReference; lastKnownFileType = sourcecode.swift; path = FileDetailView.swift; sourceTree = "<group>"; };
		B0EEE72E2C99326A0012F2BA /* VectorStoreListView.swift */ = {isa = PBXFileReference; lastKnownFileType = sourcecode.swift; path = VectorStoreListView.swift; sourceTree = "<group>"; };
		B0EEE72F2C99326A0012F2BA /* VectorStoreDetailView.swift */ = {isa = PBXFileReference; lastKnownFileType = sourcecode.swift; path = VectorStoreDetailView.swift; sourceTree = "<group>"; };
		B0EEE7302C99326A0012F2BA /* VectorStoreManagerViewModel.swift */ = {isa = PBXFileReference; lastKnownFileType = sourcecode.swift; path = VectorStoreManagerViewModel.swift; sourceTree = "<group>"; };
		B0EEE7332C99326A0012F2BA /* Assistant.swift */ = {isa = PBXFileReference; lastKnownFileType = sourcecode.swift; path = Assistant.swift; sourceTree = "<group>"; };
		B0EEE7342C99326A0012F2BA /* VectorStore.swift */ = {isa = PBXFileReference; lastKnownFileType = sourcecode.swift; path = VectorStore.swift; sourceTree = "<group>"; };
		B0EEE7352C99326A0012F2BA /* MessageRunThread.swift */ = {isa = PBXFileReference; lastKnownFileType = sourcecode.swift; path = MessageRunThread.swift; sourceTree = "<group>"; };
		B0EEE7362C99326A0012F2BA /* Model.swift */ = {isa = PBXFileReference; lastKnownFileType = sourcecode.swift; path = Model.swift; sourceTree = "<group>"; };
		B0EEE7372C99326A0012F2BA /* ResponseFormat.swift */ = {isa = PBXFileReference; lastKnownFileType = sourcecode.swift; path = ResponseFormat.swift; sourceTree = "<group>"; };
		B0EEE7382C99326A0012F2BA /* Errors.swift */ = {isa = PBXFileReference; lastKnownFileType = sourcecode.swift; path = Errors.swift; sourceTree = "<group>"; };
		B0EEE7392C99326A0012F2BA /* Usage.swift */ = {isa = PBXFileReference; lastKnownFileType = sourcecode.swift; path = Usage.swift; sourceTree = "<group>"; };
		B0EEE73A2C99326A0012F2BA /* OpenAIService.swift */ = {isa = PBXFileReference; lastKnownFileType = sourcecode.swift; path = OpenAIService.swift; sourceTree = "<group>"; };
		B0EEE73C2C99326A0012F2BA /* SettingsView.swift */ = {isa = PBXFileReference; lastKnownFileType = sourcecode.swift; path = SettingsView.swift; sourceTree = "<group>"; };
		B0EEE73D2C99326A0012F2BA /* Assets.xcassets */ = {isa = PBXFileReference; lastKnownFileType = folder.assetcatalog; path = Assets.xcassets; sourceTree = "<group>"; };
		B0EEE73E2C99326A0012F2BA /* PrivacyInfo.xcprivacy */ = {isa = PBXFileReference; lastKnownFileType = text.xml; path = PrivacyInfo.xcprivacy; sourceTree = "<group>"; };
/* End PBXFileReference section */

/* Begin PBXFrameworksBuildPhase section */
		B0EEE7072C9932580012F2BA /* Frameworks */ = {
			isa = PBXFrameworksBuildPhase;
			buildActionMask = 2147483647;
			files = (
			);
			runOnlyForDeploymentPostprocessing = 0;
		};
/* End PBXFrameworksBuildPhase section */

/* Begin PBXGroup section */
		B0067AF72CA8CD400043E2DD /* AssistantViewModels */ = {
			isa = PBXGroup;
			children = (
				B0EEE7252C99326A0012F2BA /* AssistantPickerViewModel.swift */,
				B0EEE71F2C99326A0012F2BA /* AssistantDetailViewModel.swift */,
				B0EEE7222C99326A0012F2BA /* AssistantManagerViewModel.swift */,
				B0067AF52CA8B43E0043E2DD /* BaseAssistantViewModel.swift */,
			);
			path = AssistantViewModels;
			sourceTree = "<group>";
		};
		B0067AF82CA8CD9A0043E2DD /* AssistantManagerViews */ = {
			isa = PBXGroup;
			children = (
				B0067AFC2CA8F95D0043E2DD /* ActionButtonsView.swift */,
				B0EEE7242C99326A0012F2BA /* AssistantPickerView.swift */,
				B0EEE71D2C99326A0012F2BA /* CreateAssistantView.swift */,
				B0067AFA2CA8F4BE0043E2DD /* AssistantDetailSectionView.swift */,
				B0BFE4412C9BDC3E00EB6D81 /* AssistantDetailView.swift */,
				B0EEE71E2C99326A0012F2BA /* UpdateAssistantView.swift */,
				B0BFE4432C9BDC8800EB6D81 /* AssistantFormView.swift */,
				B0EEE7212C99326A0012F2BA /* AssistantManagerView.swift */,
			);
			path = AssistantManagerViews;
			sourceTree = "<group>";
		};
		B0DD9C652C9E09A000A0D623 /* Main */ = {
			isa = PBXGroup;
			children = (
				B0EEE71B2C99326A0012F2BA /* OpenAssistantApp.swift */,
				B0DD9C612C9DFC3A00A0D623 /* OpenAIInitializer.swift */,
				B0DD9C5F2C9DFAB100A0D623 /* LoadingView.swift */,
				B0DD9C5D2C9DFA7000A0D623 /* MainTabView.swift */,
				B0EEE71C2C99326A0012F2BA /* ContentView.swift */,
				B0DD9C5B2C9DFA5300A0D623 /* ContentViewModel.swift */,
				B0EEE73C2C99326A0012F2BA /* SettingsView.swift */,
				B0C2907C2CA7A65B00163FE5 /* BaseViewModel.swift */,
			);
			path = Main;
			sourceTree = "<group>";
		};
		B0EEE7012C9932580012F2BA = {
			isa = PBXGroup;
			children = (
				B0EEE70C2C9932580012F2BA /* OpenAssistant */,
				B0EEE70B2C9932580012F2BA /* Products */,
			);
			sourceTree = "<group>";
		};
		B0EEE70B2C9932580012F2BA /* Products */ = {
			isa = PBXGroup;
			children = (
				B0EEE70A2C9932580012F2BA /* OpenAssistant.app */,
			);
			name = Products;
			sourceTree = "<group>";
		};
		B0EEE70C2C9932580012F2BA /* OpenAssistant */ = {
			isa = PBXGroup;
			children = (
				B059E6C62CAB8DDD00B1028E /* Extensions.swift */,
				B051E5B02CA3304C00C6FF59 /* FeatureFlags.swift */,
				B0DD9C652C9E09A000A0D623 /* Main */,
				B0EEE7232C99326A0012F2BA /* Assistants */,
				B0EEE72B2C99326A0012F2BA /* Chat */,
				B0EEE7322C99326A0012F2BA /* VectorStores */,
				B0EEE73B2C99326A0012F2BA /* API */,
				B0EEE73D2C99326A0012F2BA /* Assets.xcassets */,
				B0EEE73E2C99326A0012F2BA /* PrivacyInfo.xcprivacy */,
				B0DD9C572C9DE4B800A0D623 /* Info.plist */,
				B0DD9C592C9DE90000A0D623 /* Debug.xcconfig */,
				B0DD9C5A2C9DE91B00A0D623 /* Release.xcconfig */,
				B0EEE7132C9932590012F2BA /* Preview Content */,
			);
			path = OpenAssistant;
			sourceTree = "<group>";
		};
		B0EEE7132C9932590012F2BA /* Preview Content */ = {
			isa = PBXGroup;
			children = (
				B0EEE7142C9932590012F2BA /* Preview Assets.xcassets */,
			);
			path = "Preview Content";
			sourceTree = "<group>";
		};
		B0EEE7232C99326A0012F2BA /* Assistants */ = {
			isa = PBXGroup;
			children = (
				B0067AF82CA8CD9A0043E2DD /* AssistantManagerViews */,
				B0067AF72CA8CD400043E2DD /* AssistantViewModels */,
			);
			path = Assistants;
			sourceTree = "<group>";
		};
		B0EEE72B2C99326A0012F2BA /* Chat */ = {
			isa = PBXGroup;
			children = (
				B0EEE7282C99326A0012F2BA /* MessageStore.swift */,
				B0EEE72A2C99326A0012F2BA /* ChatView.swift */,
				B0EEE7292C99326A0012F2BA /* ChatViewModel.swift */,
				B0B14F6F2CB626EC00778895 /* ChatContentView.swift */,
				B0B14F712CB626FF00778895 /* MessageListView.swift */,
				B0B14F732CB6271300778895 /* InputView.swift */,
				B0B14F752CB6273B00778895 /* SendButton.swift */,
				B0B14F772CB6275200778895 /* StepCounterView.swift */,
				B0B14F792CB6276B00778895 /* MessageView.swift */,
				B0B14F7B2CB6279900778895 /* ChatHistoryView.swift */,
				B0B14F7D2CB627D100778895 /* NewCustomLoadingIndicator.swift */,
			);
			path = Chat;
			sourceTree = "<group>";
		};
		B0EEE7322C99326A0012F2BA /* VectorStores */ = {
			isa = PBXGroup;
			children = (
				B0EEE72C2C99326A0012F2BA /* AddFileView.swift */,
				B0EEE72D2C99326A0012F2BA /* FileDetailView.swift */,
				B0EEE72F2C99326A0012F2BA /* VectorStoreDetailView.swift */,
				B0EEE72E2C99326A0012F2BA /* VectorStoreListView.swift */,
				B0EEE7302C99326A0012F2BA /* VectorStoreManagerViewModel.swift */,
			);
			path = VectorStores;
			sourceTree = "<group>";
		};
		B0EEE73B2C99326A0012F2BA /* API */ = {
			isa = PBXGroup;
			children = (
				B0EEE7332C99326A0012F2BA /* Assistant.swift */,
				B0EEE7342C99326A0012F2BA /* VectorStore.swift */,
				B0EEE7352C99326A0012F2BA /* MessageRunThread.swift */,
				B0EEE7362C99326A0012F2BA /* Model.swift */,
				B0EEE7372C99326A0012F2BA /* ResponseFormat.swift */,
				B0EEE7382C99326A0012F2BA /* Errors.swift */,
				B0EEE7392C99326A0012F2BA /* Usage.swift */,
				B0EEE73A2C99326A0012F2BA /* OpenAIService.swift */,
				B0C93C002CB7810F0037C5E1 /* Tool.swift */,
				B0C93C022CB7812C0037C5E1 /* ExpiresAfter.swift */,
				B0C93C042CB781400037C5E1 /* TruncationStrategy.swift */,
				B0C93C062CB781550037C5E1 /* MessageContent.swift */,
				B0C93C082CB781740037C5E1 /* File.swift */,
				B0C93C0A2CB781870037C5E1 /* ToolResources.swift */,
			);
			path = API;
			sourceTree = "<group>";
		};
/* End PBXGroup section */

/* Begin PBXNativeTarget section */
		B0EEE7092C9932580012F2BA /* OpenAssistant */ = {
			isa = PBXNativeTarget;
			buildConfigurationList = B0EEE7182C9932590012F2BA /* Build configuration list for PBXNativeTarget "OpenAssistant" */;
			buildPhases = (
				B0EEE7062C9932580012F2BA /* Sources */,
				B0EEE7072C9932580012F2BA /* Frameworks */,
				B0EEE7082C9932580012F2BA /* Resources */,
			);
			buildRules = (
			);
			dependencies = (
			);
			name = OpenAssistant;
			productName = OpenAssistant;
			productReference = B0EEE70A2C9932580012F2BA /* OpenAssistant.app */;
			productType = "com.apple.product-type.application";
		};
/* End PBXNativeTarget section */

/* Begin PBXProject section */
		B0EEE7022C9932580012F2BA /* Project object */ = {
			isa = PBXProject;
			attributes = {
				BuildIndependentTargetsInParallel = 1;
				LastSwiftUpdateCheck = 1600;
				LastUpgradeCheck = 1600;
				TargetAttributes = {
					B0EEE7092C9932580012F2BA = {
						CreatedOnToolsVersion = 16.0;
					};
				};
			};
			buildConfigurationList = B0EEE7052C9932580012F2BA /* Build configuration list for PBXProject "OpenAssistant" */;
			compatibilityVersion = "Xcode 15.0";
			developmentRegion = en;
			hasScannedForEncodings = 0;
			knownRegions = (
				en,
				Base,
			);
			mainGroup = B0EEE7012C9932580012F2BA;
			productRefGroup = B0EEE70B2C9932580012F2BA /* Products */;
			projectDirPath = "";
			projectRoot = "";
			targets = (
				B0EEE7092C9932580012F2BA /* OpenAssistant */,
			);
		};
/* End PBXProject section */

/* Begin PBXResourcesBuildPhase section */
		B0EEE7082C9932580012F2BA /* Resources */ = {
			isa = PBXResourcesBuildPhase;
			buildActionMask = 2147483647;
			files = (
				B0EEE75B2C99326A0012F2BA /* PrivacyInfo.xcprivacy in Resources */,
				B0EEE75C2C99326A0012F2BA /* Assets.xcassets in Resources */,
			);
			runOnlyForDeploymentPostprocessing = 0;
		};
/* End PBXResourcesBuildPhase section */

/* Begin PBXSourcesBuildPhase section */
		B0EEE7062C9932580012F2BA /* Sources */ = {
			isa = PBXSourcesBuildPhase;
			buildActionMask = 2147483647;
			files = (
				B0EEE73F2C99326A0012F2BA /* OpenAIService.swift in Sources */,
				B0EEE7402C99326A0012F2BA /* VectorStoreManagerViewModel.swift in Sources */,
				B0EEE7412C99326A0012F2BA /* ChatView.swift in Sources */,
				B0067AF62CA8B43E0043E2DD /* BaseAssistantViewModel.swift in Sources */,
				B0DD9C5E2C9DFA7000A0D623 /* MainTabView.swift in Sources */,
				B0DD9C602C9DFAB100A0D623 /* LoadingView.swift in Sources */,
				B0EEE7432C99326A0012F2BA /* Usage.swift in Sources */,
				B0C93C0B2CB781870037C5E1 /* ToolResources.swift in Sources */,
				B0B14F702CB626EC00778895 /* ChatContentView.swift in Sources */,
				B059E6C72CAB8DDD00B1028E /* Extensions.swift in Sources */,
				B0EEE7442C99326A0012F2BA /* MessageStore.swift in Sources */,
				B0B14F7E2CB627D100778895 /* NewCustomLoadingIndicator.swift in Sources */,
				B0EEE7452C99326A0012F2BA /* OpenAssistantApp.swift in Sources */,
				B0EEE7462C99326A0012F2BA /* CreateAssistantView.swift in Sources */,
				B0EEE7472C99326A0012F2BA /* ChatViewModel.swift in Sources */,
				B0067AFD2CA8F95D0043E2DD /* ActionButtonsView.swift in Sources */,
				B0EEE7482C99326A0012F2BA /* AssistantPickerView.swift in Sources */,
				B0067AFB2CA8F4BE0043E2DD /* AssistantDetailSectionView.swift in Sources */,
				B0EEE7492C99326A0012F2BA /* ResponseFormat.swift in Sources */,
				B0BFE4442C9BDC8800EB6D81 /* AssistantFormView.swift in Sources */,
				B0EEE74A2C99326A0012F2BA /* UpdateAssistantView.swift in Sources */,
				B0EEE74B2C99326A0012F2BA /* ContentView.swift in Sources */,
				B0DD9C5C2C9DFA5300A0D623 /* ContentViewModel.swift in Sources */,
				B0B14F762CB6273B00778895 /* SendButton.swift in Sources */,
				B0EEE74C2C99326A0012F2BA /* SettingsView.swift in Sources */,
				B0EEE74D2C99326A0012F2BA /* AssistantManagerView.swift in Sources */,
				B0EEE74E2C99326A0012F2BA /* VectorStoreListView.swift in Sources */,
				B0C2907D2CA7A65B00163FE5 /* BaseViewModel.swift in Sources */,
				B0EEE74F2C99326A0012F2BA /* Errors.swift in Sources */,
				B0C93C092CB781740037C5E1 /* File.swift in Sources */,
				B0EEE7502C99326A0012F2BA /* AssistantDetailViewModel.swift in Sources */,
				B0B14F7A2CB6276B00778895 /* MessageView.swift in Sources */,
				B0EEE7512C99326A0012F2BA /* FileDetailView.swift in Sources */,
				B0C93C072CB781550037C5E1 /* MessageContent.swift in Sources */,
				B0C93C032CB7812C0037C5E1 /* ExpiresAfter.swift in Sources */,
				B0B14F722CB626FF00778895 /* MessageListView.swift in Sources */,
				B0B14F742CB6271300778895 /* InputView.swift in Sources */,
				B0EEE7522C99326A0012F2BA /* AssistantManagerViewModel.swift in Sources */,
				B0B14F7C2CB6279900778895 /* ChatHistoryView.swift in Sources */,
				B0C93C052CB781400037C5E1 /* TruncationStrategy.swift in Sources */,
				B0BFE4422C9BDC3E00EB6D81 /* AssistantDetailView.swift in Sources */,
				B0EEE7532C99326A0012F2BA /* AssistantPickerViewModel.swift in Sources */,
				B0B14F782CB6275200778895 /* StepCounterView.swift in Sources */,
				B0EEE7542C99326A0012F2BA /* AddFileView.swift in Sources */,
				B0EEE7552C99326A0012F2BA /* Assistant.swift in Sources */,
				B0EEE7562C99326A0012F2BA /* VectorStoreDetailView.swift in Sources */,
				B0EEE7572C99326A0012F2BA /* Model.swift in Sources */,
				B0EEE7592C99326A0012F2BA /* VectorStore.swift in Sources */,
				B0DD9C622C9DFC3A00A0D623 /* OpenAIInitializer.swift in Sources */,
				B0EEE75A2C99326A0012F2BA /* MessageRunThread.swift in Sources */,
				B051E5B12CA3304C00C6FF59 /* FeatureFlags.swift in Sources */,
				B0C93C012CB7810F0037C5E1 /* Tool.swift in Sources */,
			);
			runOnlyForDeploymentPostprocessing = 0;
		};
/* End PBXSourcesBuildPhase section */

/* Begin XCBuildConfiguration section */
		B0EEE7162C9932590012F2BA /* Debug */ = {
			isa = XCBuildConfiguration;
			buildSettings = {
				ALWAYS_SEARCH_USER_PATHS = NO;
				ASSETCATALOG_COMPILER_GENERATE_SWIFT_ASSET_SYMBOL_EXTENSIONS = YES;
				CLANG_ANALYZER_NONNULL = YES;
				CLANG_ANALYZER_NUMBER_OBJECT_CONVERSION = YES_AGGRESSIVE;
				CLANG_CXX_LANGUAGE_STANDARD = "gnu++20";
				CLANG_ENABLE_MODULES = YES;
				CLANG_ENABLE_OBJC_ARC = YES;
				CLANG_ENABLE_OBJC_WEAK = YES;
				CLANG_WARN_BLOCK_CAPTURE_AUTORELEASING = YES;
				CLANG_WARN_BOOL_CONVERSION = YES;
				CLANG_WARN_COMMA = YES;
				CLANG_WARN_CONSTANT_CONVERSION = YES;
				CLANG_WARN_DEPRECATED_OBJC_IMPLEMENTATIONS = YES;
				CLANG_WARN_DIRECT_OBJC_ISA_USAGE = YES_ERROR;
				CLANG_WARN_DOCUMENTATION_COMMENTS = YES;
				CLANG_WARN_EMPTY_BODY = YES;
				CLANG_WARN_ENUM_CONVERSION = YES;
				CLANG_WARN_INFINITE_RECURSION = YES;
				CLANG_WARN_INT_CONVERSION = YES;
				CLANG_WARN_NON_LITERAL_NULL_CONVERSION = YES;
				CLANG_WARN_OBJC_IMPLICIT_RETAIN_SELF = YES;
				CLANG_WARN_OBJC_LITERAL_CONVERSION = YES;
				CLANG_WARN_OBJC_ROOT_CLASS = YES_ERROR;
				CLANG_WARN_QUOTED_INCLUDE_IN_FRAMEWORK_HEADER = YES;
				CLANG_WARN_RANGE_LOOP_ANALYSIS = YES;
				CLANG_WARN_STRICT_PROTOTYPES = YES;
				CLANG_WARN_SUSPICIOUS_MOVE = YES;
				CLANG_WARN_UNGUARDED_AVAILABILITY = YES_AGGRESSIVE;
				CLANG_WARN_UNREACHABLE_CODE = YES;
				CLANG_WARN__DUPLICATE_METHOD_MATCH = YES;
				COPY_PHASE_STRIP = NO;
				DEBUG_INFORMATION_FORMAT = dwarf;
				ENABLE_STRICT_OBJC_MSGSEND = YES;
				ENABLE_TESTABILITY = YES;
				ENABLE_USER_SCRIPT_SANDBOXING = YES;
				GCC_C_LANGUAGE_STANDARD = gnu17;
				GCC_DYNAMIC_NO_PIC = NO;
				GCC_NO_COMMON_BLOCKS = YES;
				GCC_OPTIMIZATION_LEVEL = 0;
				GCC_PREPROCESSOR_DEFINITIONS = (
					"DEBUG=1",
					"$(inherited)",
				);
				GCC_WARN_64_TO_32_BIT_CONVERSION = YES;
				GCC_WARN_ABOUT_RETURN_TYPE = YES_ERROR;
				GCC_WARN_UNDECLARED_SELECTOR = YES;
				GCC_WARN_UNINITIALIZED_AUTOS = YES_AGGRESSIVE;
				GCC_WARN_UNUSED_FUNCTION = YES;
				GCC_WARN_UNUSED_VARIABLE = YES;
				IPHONEOS_DEPLOYMENT_TARGET = 18.0;
				LOCALIZATION_PREFERS_STRING_CATALOGS = YES;
				MTL_ENABLE_DEBUG_INFO = INCLUDE_SOURCE;
				MTL_FAST_MATH = YES;
				ONLY_ACTIVE_ARCH = YES;
				SDKROOT = iphoneos;
				SWIFT_ACTIVE_COMPILATION_CONDITIONS = "DEBUG $(inherited)";
				SWIFT_OPTIMIZATION_LEVEL = "-Onone";
			};
			name = Debug;
		};
		B0EEE7172C9932590012F2BA /* Release */ = {
			isa = XCBuildConfiguration;
			buildSettings = {
				ALWAYS_SEARCH_USER_PATHS = NO;
				ASSETCATALOG_COMPILER_GENERATE_SWIFT_ASSET_SYMBOL_EXTENSIONS = YES;
				CLANG_ANALYZER_NONNULL = YES;
				CLANG_ANALYZER_NUMBER_OBJECT_CONVERSION = YES_AGGRESSIVE;
				CLANG_CXX_LANGUAGE_STANDARD = "gnu++20";
				CLANG_ENABLE_MODULES = YES;
				CLANG_ENABLE_OBJC_ARC = YES;
				CLANG_ENABLE_OBJC_WEAK = YES;
				CLANG_WARN_BLOCK_CAPTURE_AUTORELEASING = YES;
				CLANG_WARN_BOOL_CONVERSION = YES;
				CLANG_WARN_COMMA = YES;
				CLANG_WARN_CONSTANT_CONVERSION = YES;
				CLANG_WARN_DEPRECATED_OBJC_IMPLEMENTATIONS = YES;
				CLANG_WARN_DIRECT_OBJC_ISA_USAGE = YES_ERROR;
				CLANG_WARN_DOCUMENTATION_COMMENTS = YES;
				CLANG_WARN_EMPTY_BODY = YES;
				CLANG_WARN_ENUM_CONVERSION = YES;
				CLANG_WARN_INFINITE_RECURSION = YES;
				CLANG_WARN_INT_CONVERSION = YES;
				CLANG_WARN_NON_LITERAL_NULL_CONVERSION = YES;
				CLANG_WARN_OBJC_IMPLICIT_RETAIN_SELF = YES;
				CLANG_WARN_OBJC_LITERAL_CONVERSION = YES;
				CLANG_WARN_OBJC_ROOT_CLASS = YES_ERROR;
				CLANG_WARN_QUOTED_INCLUDE_IN_FRAMEWORK_HEADER = YES;
				CLANG_WARN_RANGE_LOOP_ANALYSIS = YES;
				CLANG_WARN_STRICT_PROTOTYPES = YES;
				CLANG_WARN_SUSPICIOUS_MOVE = YES;
				CLANG_WARN_UNGUARDED_AVAILABILITY = YES_AGGRESSIVE;
				CLANG_WARN_UNREACHABLE_CODE = YES;
				CLANG_WARN__DUPLICATE_METHOD_MATCH = YES;
				COPY_PHASE_STRIP = NO;
				DEBUG_INFORMATION_FORMAT = "dwarf-with-dsym";
				ENABLE_NS_ASSERTIONS = NO;
				ENABLE_STRICT_OBJC_MSGSEND = YES;
				ENABLE_USER_SCRIPT_SANDBOXING = YES;
				GCC_C_LANGUAGE_STANDARD = gnu17;
				GCC_NO_COMMON_BLOCKS = YES;
				GCC_WARN_64_TO_32_BIT_CONVERSION = YES;
				GCC_WARN_ABOUT_RETURN_TYPE = YES_ERROR;
				GCC_WARN_UNDECLARED_SELECTOR = YES;
				GCC_WARN_UNINITIALIZED_AUTOS = YES_AGGRESSIVE;
				GCC_WARN_UNUSED_FUNCTION = YES;
				GCC_WARN_UNUSED_VARIABLE = YES;
				IPHONEOS_DEPLOYMENT_TARGET = 18.0;
				LOCALIZATION_PREFERS_STRING_CATALOGS = YES;
				MTL_ENABLE_DEBUG_INFO = NO;
				MTL_FAST_MATH = YES;
				SDKROOT = iphoneos;
				SWIFT_COMPILATION_MODE = wholemodule;
				VALIDATE_PRODUCT = YES;
			};
			name = Release;
		};
		B0EEE7192C9932590012F2BA /* Debug */ = {
			isa = XCBuildConfiguration;
			baseConfigurationReference = B0DD9C592C9DE90000A0D623 /* Debug.xcconfig */;
			buildSettings = {
				ASSETCATALOG_COMPILER_APPICON_NAME = AppIcon;
				ASSETCATALOG_COMPILER_GLOBAL_ACCENT_COLOR_NAME = AccentColor;
				CODE_SIGN_STYLE = Automatic;
				CURRENT_PROJECT_VERSION = 1;
				DEVELOPMENT_ASSET_PATHS = "OpenAssistant/Preview\\ Content OpenAssistant/Info.plist OpenAssistant/Assets.xcassets";
				DEVELOPMENT_TEAM = Z3E334EXZD;
				ENABLE_PREVIEWS = YES;
				GENERATE_INFOPLIST_FILE = YES;
				INFOPLIST_FILE = OpenAssistant/Info.plist;
				INFOPLIST_KEY_CFBundleDisplayName = OpenAssistant;
				INFOPLIST_KEY_LSApplicationCategoryType = "public.app-category.developer-tools";
				INFOPLIST_KEY_NSDocumentsFolderUsageDescription = "Access needed for File uploads.";
				INFOPLIST_KEY_NSFileProviderDomainUsageDescription = "Access needed to integrate Files with iCloud and other cloud services.";
				INFOPLIST_KEY_NSFileProviderPresenceUsageDescription = "Access needed to integrate Files from system storage and cloud providers.";
				INFOPLIST_KEY_NSPhotoLibraryUsageDescription = "Access needed for photo uploads and media selection for File uploads.";
				INFOPLIST_KEY_UIApplicationSceneManifest_Generation = YES;
				INFOPLIST_KEY_UIApplicationSupportsIndirectInputEvents = YES;
				INFOPLIST_KEY_UILaunchStoryboardName = ContentView.swift;
				INFOPLIST_KEY_UISupportedInterfaceOrientations_iPad = "UIInterfaceOrientationPortrait UIInterfaceOrientationPortraitUpsideDown";
				INFOPLIST_KEY_UISupportedInterfaceOrientations_iPhone = "UIInterfaceOrientationPortrait UIInterfaceOrientationLandscapeLeft UIInterfaceOrientationLandscapeRight";
				IPHONEOS_DEPLOYMENT_TARGET = 16.0;
				LD_RUNPATH_SEARCH_PATHS = (
					"$(inherited)",
					"@executable_path/Frameworks",
				);
				MARKETING_VERSION = 2.0;
				PRODUCT_BUNDLE_IDENTIFIER = AI.FascinAIting.OpenAssistant;
				PRODUCT_NAME = "$(TARGET_NAME)";
				PROVISIONING_PROFILE_SPECIFIER = "";
				SUPPORTED_PLATFORMS = "iphoneos iphonesimulator";
				SUPPORTS_MACCATALYST = NO;
				SUPPORTS_MAC_DESIGNED_FOR_IPHONE_IPAD = NO;
				SUPPORTS_XR_DESIGNED_FOR_IPHONE_IPAD = NO;
				SWIFT_EMIT_LOC_STRINGS = YES;
				SWIFT_VERSION = 5.0;
				TARGETED_DEVICE_FAMILY = 1;
			};
			name = Debug;
		};
		B0EEE71A2C9932590012F2BA /* Release */ = {
			isa = XCBuildConfiguration;
			baseConfigurationReference = B0DD9C5A2C9DE91B00A0D623 /* Release.xcconfig */;
			buildSettings = {
				ASSETCATALOG_COMPILER_APPICON_NAME = AppIcon;
				ASSETCATALOG_COMPILER_GLOBAL_ACCENT_COLOR_NAME = AccentColor;
				CODE_SIGN_STYLE = Automatic;
				CURRENT_PROJECT_VERSION = 1;
				DEVELOPMENT_ASSET_PATHS = "OpenAssistant/Preview\\ Content OpenAssistant/Info.plist OpenAssistant/Assets.xcassets";
				DEVELOPMENT_TEAM = Z3E334EXZD;
				ENABLE_PREVIEWS = YES;
				ENABLE_TESTABILITY = YES;
				GENERATE_INFOPLIST_FILE = YES;
				INFOPLIST_FILE = OpenAssistant/Info.plist;
				INFOPLIST_KEY_CFBundleDisplayName = OpenAssistant;
				INFOPLIST_KEY_LSApplicationCategoryType = "public.app-category.developer-tools";
				INFOPLIST_KEY_NSDocumentsFolderUsageDescription = "Access needed for File uploads.";
				INFOPLIST_KEY_NSFileProviderDomainUsageDescription = "Access needed to integrate Files with iCloud and other cloud services.";
				INFOPLIST_KEY_NSFileProviderPresenceUsageDescription = "Access needed to integrate Files from system storage and cloud providers.";
				INFOPLIST_KEY_NSPhotoLibraryUsageDescription = "Access needed for photo uploads and media selection for File uploads.";
				INFOPLIST_KEY_UIApplicationSceneManifest_Generation = YES;
				INFOPLIST_KEY_UIApplicationSupportsIndirectInputEvents = YES;
				INFOPLIST_KEY_UILaunchStoryboardName = ContentView.swift;
				INFOPLIST_KEY_UISupportedInterfaceOrientations_iPad = "UIInterfaceOrientationPortrait UIInterfaceOrientationPortraitUpsideDown";
				INFOPLIST_KEY_UISupportedInterfaceOrientations_iPhone = "UIInterfaceOrientationPortrait UIInterfaceOrientationLandscapeLeft UIInterfaceOrientationLandscapeRight";
				IPHONEOS_DEPLOYMENT_TARGET = 16.0;
				LD_RUNPATH_SEARCH_PATHS = (
					"$(inherited)",
					"@executable_path/Frameworks",
				);
				MARKETING_VERSION = 2.0;
				ONLY_ACTIVE_ARCH = NO;
				PRODUCT_BUNDLE_IDENTIFIER = AI.FascinAIting.OpenAssistant;
				PRODUCT_NAME = "$(TARGET_NAME)";
				PROVISIONING_PROFILE_SPECIFIER = "";
				SUPPORTED_PLATFORMS = "iphoneos iphonesimulator";
				SUPPORTS_MACCATALYST = NO;
				SUPPORTS_MAC_DESIGNED_FOR_IPHONE_IPAD = NO;
				SUPPORTS_XR_DESIGNED_FOR_IPHONE_IPAD = NO;
				SWIFT_EMIT_LOC_STRINGS = YES;
				SWIFT_VERSION = 5.0;
				TARGETED_DEVICE_FAMILY = 1;
			};
			name = Release;
		};
/* End XCBuildConfiguration section */

/* Begin XCConfigurationList section */
		B0EEE7052C9932580012F2BA /* Build configuration list for PBXProject "OpenAssistant" */ = {
			isa = XCConfigurationList;
			buildConfigurations = (
				B0EEE7162C9932590012F2BA /* Debug */,
				B0EEE7172C9932590012F2BA /* Release */,
			);
			defaultConfigurationIsVisible = 0;
			defaultConfigurationName = Release;
		};
		B0EEE7182C9932590012F2BA /* Build configuration list for PBXNativeTarget "OpenAssistant" */ = {
			isa = XCConfigurationList;
			buildConfigurations = (
				B0EEE7192C9932590012F2BA /* Debug */,
				B0EEE71A2C9932590012F2BA /* Release */,
			);
			defaultConfigurationIsVisible = 0;
			defaultConfigurationName = Release;
		};
/* End XCConfigurationList section */
	};
	rootObject = B0EEE7022C9932580012F2BA /* Project object */;
}
